
Microsoft Visual Studio Solution File, Format Version 12.00
# Visual Studio Version 17
VisualStudioVersion = 17.3.32819.101
MinimumVisualStudioVersion = 10.0.40219.1
Project("{FAE04EC0-301F-11D3-BF4B-00C04F79EFBC}") = "sample", "sample\sample.csproj", "{4442B2A8-255F-466C-B4D6-2EF7F5A34FA9}"
EndProject
Global
	GlobalSection(SolutionConfigurationPlatforms) = preSolution
		Debug|Any CPU = Debug|Any CPU
		Release|Any CPU = Release|Any CPU
	EndGlobalSection
	GlobalSection(ProjectConfigurationPlatforms) = postSolution
		{4442B2A8-255F-466C-B4D6-2EF7F5A34FA9}.Debug|Any CPU.ActiveCfg = Debug|Any CPU
		{4442B2A8-255F-466C-B4D6-2EF7F5A34FA9}.Debug|Any CPU.Build.0 = Debug|Any CPU
		{4442B2A8-255F-466C-B4D6-2EF7F5A34FA9}.Release|Any CPU.ActiveCfg = Release|Any CPU
		{4442B2A8-255F-466C-B4D6-2EF7F5A34FA9}.Release|Any CPU.Build.0 = Release|Any CPU
	EndGlobalSection
	GlobalSection(SolutionProperties) = preSolution
		HideSolutionNode = FALSE
	EndGlobalSection
	GlobalSection(ExtensibilityGlobals) = postSolution
		SolutionGuid = {D8B6B6DB-8373-47BA-A872-732F73FBCFB5}
	EndGlobalSection
EndGlobal
